// !$*UTF8*$!
{
	archiveVersion = 1;
	classes = {
	};
	objectVersion = 46;
	objects = {

/* Begin PBXBuildFile section */
		29B3A2821EEB292400B70FAA /* AppDelegate.swift in Sources */ = {isa = PBXBuildFile; fileRef = 29B3A2811EEB292400B70FAA /* AppDelegate.swift */; };
		29B3A2841EEB292400B70FAA /* ViewController.swift in Sources */ = {isa = PBXBuildFile; fileRef = 29B3A2831EEB292400B70FAA /* ViewController.swift */; };
		29B3A2871EEB292400B70FAA /* Main.storyboard in Resources */ = {isa = PBXBuildFile; fileRef = 29B3A2851EEB292400B70FAA /* Main.storyboard */; };
		29B3A2891EEB292400B70FAA /* Assets.xcassets in Resources */ = {isa = PBXBuildFile; fileRef = 29B3A2881EEB292400B70FAA /* Assets.xcassets */; };
		29B3A28C1EEB292400B70FAA /* LaunchScreen.storyboard in Resources */ = {isa = PBXBuildFile; fileRef = 29B3A28A1EEB292400B70FAA /* LaunchScreen.storyboard */; };
		B95258D41FE5713E0330FFFE /* Pods_Charitable.framework in Frameworks */ = {isa = PBXBuildFile; fileRef = A40E18766AE42CCA4A719774 /* Pods_Charitable.framework */; };
/* End PBXBuildFile section */

/* Begin PBXFileReference section */
		29B3A27E1EEB292400B70FAA /* Charitable.app */ = {isa = PBXFileReference; explicitFileType = wrapper.application; includeInIndex = 0; path = Charitable.app; sourceTree = BUILT_PRODUCTS_DIR; };
		29B3A2811EEB292400B70FAA /* AppDelegate.swift */ = {isa = PBXFileReference; lastKnownFileType = sourcecode.swift; path = AppDelegate.swift; sourceTree = "<group>"; };
		29B3A2831EEB292400B70FAA /* ViewController.swift */ = {isa = PBXFileReference; lastKnownFileType = sourcecode.swift; path = ViewController.swift; sourceTree = "<group>"; };
		29B3A2861EEB292400B70FAA /* Base */ = {isa = PBXFileReference; lastKnownFileType = file.storyboard; name = Base; path = Base.lproj/Main.storyboard; sourceTree = "<group>"; };
		29B3A2881EEB292400B70FAA /* Assets.xcassets */ = {isa = PBXFileReference; lastKnownFileType = folder.assetcatalog; path = Assets.xcassets; sourceTree = "<group>"; };
		29B3A28B1EEB292400B70FAA /* Base */ = {isa = PBXFileReference; lastKnownFileType = file.storyboard; name = Base; path = Base.lproj/LaunchScreen.storyboard; sourceTree = "<group>"; };
		29B3A28D1EEB292400B70FAA /* Info.plist */ = {isa = PBXFileReference; lastKnownFileType = text.plist.xml; path = Info.plist; sourceTree = "<group>"; };
		4C53F4679DF5638E4828BD4C /* Pods-Charitable.release.xcconfig */ = {isa = PBXFileReference; includeInIndex = 1; lastKnownFileType = text.xcconfig; name = "Pods-Charitable.release.xcconfig"; path = "Pods/Target Support Files/Pods-Charitable/Pods-Charitable.release.xcconfig"; sourceTree = "<group>"; };
		7A0C2308604FD35E7D984E8C /* Pods-Charitable.debug.xcconfig */ = {isa = PBXFileReference; includeInIndex = 1; lastKnownFileType = text.xcconfig; name = "Pods-Charitable.debug.xcconfig"; path = "Pods/Target Support Files/Pods-Charitable/Pods-Charitable.debug.xcconfig"; sourceTree = "<group>"; };
		A40E18766AE42CCA4A719774 /* Pods_Charitable.framework */ = {isa = PBXFileReference; explicitFileType = wrapper.framework; includeInIndex = 0; path = Pods_Charitable.framework; sourceTree = BUILT_PRODUCTS_DIR; };
/* End PBXFileReference section */

/* Begin PBXFrameworksBuildPhase section */
		29B3A27B1EEB292400B70FAA /* Frameworks */ = {
			isa = PBXFrameworksBuildPhase;
			buildActionMask = 2147483647;
			files = (
				B95258D41FE5713E0330FFFE /* Pods_Charitable.framework in Frameworks */,
			);
			runOnlyForDeploymentPostprocessing = 0;
		};
/* End PBXFrameworksBuildPhase section */

/* Begin PBXGroup section */
		09F9C6C1651EA9AFB5CFC4E0 /* Frameworks */ = {
			isa = PBXGroup;
			children = (
				A40E18766AE42CCA4A719774 /* Pods_Charitable.framework */,
			);
			name = Frameworks;
			sourceTree = "<group>";
		};
		11ED3B6F6E21F85D7F18448B /* Pods */ = {
			isa = PBXGroup;
			children = (
				7A0C2308604FD35E7D984E8C /* Pods-Charitable.debug.xcconfig */,
				4C53F4679DF5638E4828BD4C /* Pods-Charitable.release.xcconfig */,
			);
			name = Pods;
			sourceTree = "<group>";
		};
		29B3A2751EEB292400B70FAA = {
			isa = PBXGroup;
			children = (
				29B3A2801EEB292400B70FAA /* Charitable */,
				29B3A27F1EEB292400B70FAA /* Products */,
				11ED3B6F6E21F85D7F18448B /* Pods */,
				09F9C6C1651EA9AFB5CFC4E0 /* Frameworks */,
			);
			sourceTree = "<group>";
		};
		29B3A27F1EEB292400B70FAA /* Products */ = {
			isa = PBXGroup;
			children = (
				29B3A27E1EEB292400B70FAA /* Charitable.app */,
			);
			name = Products;
			sourceTree = "<group>";
		};
		29B3A2801EEB292400B70FAA /* Charitable */ = {
			isa = PBXGroup;
			children = (
				29B3A2811EEB292400B70FAA /* AppDelegate.swift */,
				29B3A2831EEB292400B70FAA /* ViewController.swift */,
				29B3A2851EEB292400B70FAA /* Main.storyboard */,
				29B3A2881EEB292400B70FAA /* Assets.xcassets */,
				29B3A28A1EEB292400B70FAA /* LaunchScreen.storyboard */,
				29B3A28D1EEB292400B70FAA /* Info.plist */,
			);
			path = Charitable;
			sourceTree = "<group>";
		};
/* End PBXGroup section */

/* Begin PBXNativeTarget section */
		29B3A27D1EEB292400B70FAA /* Charitable */ = {
			isa = PBXNativeTarget;
			buildConfigurationList = 29B3A2901EEB292400B70FAA /* Build configuration list for PBXNativeTarget "Charitable" */;
			buildPhases = (
				159CE522D6B648719EB25646 /* [CP] Check Pods Manifest.lock */,
				29B3A27A1EEB292400B70FAA /* Sources */,
				29B3A27B1EEB292400B70FAA /* Frameworks */,
				29B3A27C1EEB292400B70FAA /* Resources */,
				062032E0720551C1C8637CDB /* [CP] Embed Pods Frameworks */,
				9876F03AC226CDF8B788D503 /* [CP] Copy Pods Resources */,
			);
			buildRules = (
			);
			dependencies = (
			);
			name = Charitable;
			productName = Charitable;
			productReference = 29B3A27E1EEB292400B70FAA /* Charitable.app */;
			productType = "com.apple.product-type.application";
		};
/* End PBXNativeTarget section */

/* Begin PBXProject section */
		29B3A2761EEB292400B70FAA /* Project object */ = {
			isa = PBXProject;
			attributes = {
				LastSwiftUpdateCheck = 0830;
				LastUpgradeCheck = 0830;
				ORGANIZATIONNAME = "Matthew Howes Singleton";
				TargetAttributes = {
					29B3A27D1EEB292400B70FAA = {
						CreatedOnToolsVersion = 8.3.3;
						DevelopmentTeam = K8YZSQZRNW;
						ProvisioningStyle = Automatic;
					};
				};
			};
			buildConfigurationList = 29B3A2791EEB292400B70FAA /* Build configuration list for PBXProject "Charitable" */;
			compatibilityVersion = "Xcode 3.2";
			developmentRegion = English;
			hasScannedForEncodings = 0;
			knownRegions = (
				en,
				Base,
			);
			mainGroup = 29B3A2751EEB292400B70FAA;
			productRefGroup = 29B3A27F1EEB292400B70FAA /* Products */;
			projectDirPath = "";
			projectRoot = "";
			targets = (
				29B3A27D1EEB292400B70FAA /* Charitable */,
			);
		};
/* End PBXProject section */

/* Begin PBXResourcesBuildPhase section */
		29B3A27C1EEB292400B70FAA /* Resources */ = {
			isa = PBXResourcesBuildPhase;
			buildActionMask = 2147483647;
			files = (
				29B3A28C1EEB292400B70FAA /* LaunchScreen.storyboard in Resources */,
				29B3A2891EEB292400B70FAA /* Assets.xcassets in Resources */,
				29B3A2871EEB292400B70FAA /* Main.storyboard in Resources */,
			);
			runOnlyForDeploymentPostprocessing = 0;
		};
/* End PBXResourcesBuildPhase section */

/* Begin PBXShellScriptBuildPhase section */
		062032E0720551C1C8637CDB /* [CP] Embed Pods Frameworks */ = {
			isa = PBXShellScriptBuildPhase;
			buildActionMask = 2147483647;
			files = (
			);
			inputPaths = (
			);
			name = "[CP] Embed Pods Frameworks";
			outputPaths = (
			);
			runOnlyForDeploymentPostprocessing = 0;
			shellPath = /bin/sh;
			shellScript = "\"${SRCROOT}/Pods/Target Support Files/Pods-Charitable/Pods-Charitable-frameworks.sh\"\n";
			showEnvVarsInLog = 0;
		};
		159CE522D6B648719EB25646 /* [CP] Check Pods Manifest.lock */ = {
			isa = PBXShellScriptBuildPhase;
			buildActionMask = 2147483647;
			files = (
			);
			inputPaths = (
			);
			name = "[CP] Check Pods Manifest.lock";
			outputPaths = (
			);
			runOnlyForDeploymentPostprocessing = 0;
			shellPath = /bin/sh;
			shellScript = "diff \"${PODS_PODFILE_DIR_PATH}/Podfile.lock\" \"${PODS_ROOT}/Manifest.lock\" > /dev/null\nif [ $? != 0 ] ; then\n    # print error to STDERR\n    echo \"error: The sandbox is not in sync with the Podfile.lock. Run 'pod install' or update your CocoaPods installation.\" >&2\n    exit 1\nfi\n";
			showEnvVarsInLog = 0;
		};
		9876F03AC226CDF8B788D503 /* [CP] Copy Pods Resources */ = {
			isa = PBXShellScriptBuildPhase;
			buildActionMask = 2147483647;
			files = (
			);
			inputPaths = (
			);
			name = "[CP] Copy Pods Resources";
			outputPaths = (
			);
			runOnlyForDeploymentPostprocessing = 0;
			shellPath = /bin/sh;
			shellScript = "\"${SRCROOT}/Pods/Target Support Files/Pods-Charitable/Pods-Charitable-resources.sh\"\n";
			showEnvVarsInLog = 0;
		};
/* End PBXShellScriptBuildPhase section */

/* Begin PBXSourcesBuildPhase section */
		29B3A27A1EEB292400B70FAA /* Sources */ = {
			isa = PBXSourcesBuildPhase;
			buildActionMask = 2147483647;
			files = (
				29B3A2841EEB292400B70FAA /* ViewController.swift in Sources */,
				29B3A2821EEB292400B70FAA /* AppDelegate.swift in Sources */,
			);
			runOnlyForDeploymentPostprocessing = 0;
		};
/* End PBXSourcesBuildPhase section */

/* Begin PBXVariantGroup section */
		29B3A2851EEB292400B70FAA /* Main.storyboard */ = {
			isa = PBXVariantGroup;
			children = (
				29B3A2861EEB292400B70FAA /* Base */,
			);
			name = Main.storyboard;
			sourceTree = "<group>";
		};
		29B3A28A1EEB292400B70FAA /* LaunchScreen.storyboard */ = {
			isa = PBXVariantGroup;
			children = (
				29B3A28B1EEB292400B70FAA /* Base */,
			);
			name = LaunchScreen.storyboard;
			sourceTree = "<group>";
		};
/* End PBXVariantGroup section */

/* Begin XCBuildConfiguration section */
		29B3A28E1EEB292400B70FAA /* Debug */ = {
			isa = XCBuildConfiguration;
			buildSettings = {
				ALWAYS_SEARCH_USER_PATHS = NO;
				CLANG_ANALYZER_NONNULL = YES;
				CLANG_ANALYZER_NUMBER_OBJECT_CONVERSION = YES_AGGRESSIVE;
				CLANG_CXX_LANGUAGE_STANDARD = "gnu++0x";
				CLANG_CXX_LIBRARY = "libc++";
				CLANG_ENABLE_MODULES = YES;
				CLANG_ENABLE_OBJC_ARC = YES;
				CLANG_WARN_BOOL_CONVERSION = YES;
				CLANG_WARN_CONSTANT_CONVERSION = YES;
				CLANG_WARN_DIRECT_OBJC_ISA_USAGE = YES_ERROR;
				CLANG_WARN_DOCUMENTATION_COMMENTS = YES;
				CLANG_WARN_EMPTY_BODY = YES;
				CLANG_WARN_ENUM_CONVERSION = YES;
				CLANG_WARN_INFINITE_RECURSION = YES;
				CLANG_WARN_INT_CONVERSION = YES;
				CLANG_WARN_OBJC_ROOT_CLASS = YES_ERROR;
				CLANG_WARN_SUSPICIOUS_MOVE = YES;
				CLANG_WARN_UNREACHABLE_CODE = YES;
				CLANG_WARN__DUPLICATE_METHOD_MATCH = YES;
				"CODE_SIGN_IDENTITY[sdk=iphoneos*]" = "iPhone Developer";
				COPY_PHASE_STRIP = NO;
				DEBUG_INFORMATION_FORMAT = dwarf;
				ENABLE_STRICT_OBJC_MSGSEND = YES;
				ENABLE_TESTABILITY = YES;
				GCC_C_LANGUAGE_STANDARD = gnu99;
				GCC_DYNAMIC_NO_PIC = NO;
				GCC_NO_COMMON_BLOCKS = YES;
				GCC_OPTIMIZATION_LEVEL = 0;
				GCC_PREPROCESSOR_DEFINITIONS = (
					"DEBUG=1",
					"$(inherited)",
				);
				GCC_WARN_64_TO_32_BIT_CONVERSION = YES;
				GCC_WARN_ABOUT_RETURN_TYPE = YES_ERROR;
				GCC_WARN_UNDECLARED_SELECTOR = YES;
				GCC_WARN_UNINITIALIZED_AUTOS = YES_AGGRESSIVE;
				GCC_WARN_UNUSED_FUNCTION = YES;
				GCC_WARN_UNUSED_VARIABLE = YES;
				IPHONEOS_DEPLOYMENT_TARGET = 10.3;
				MTL_ENABLE_DEBUG_INFO = YES;
				ONLY_ACTIVE_ARCH = YES;
				SDKROOT = iphoneos;
				SWIFT_ACTIVE_COMPILATION_CONDITIONS = DEBUG;
				SWIFT_OPTIMIZATION_LEVEL = "-Onone";
			};
			name = Debug;
		};
		29B3A28F1EEB292400B70FAA /* Release */ = {
			isa = XCBuildConfiguration;
			buildSettings = {
				ALWAYS_SEARCH_USER_PATHS = NO;
				CLANG_ANALYZER_NONNULL = YES;
				CLANG_ANALYZER_NUMBER_OBJECT_CONVERSION = YES_AGGRESSIVE;
				CLANG_CXX_LANGUAGE_STANDARD = "gnu++0x";
				CLANG_CXX_LIBRARY = "libc++";
				CLANG_ENABLE_MODULES = YES;
				CLANG_ENABLE_OBJC_ARC = YES;
				CLANG_WARN_BOOL_CONVERSION = YES;
				CLANG_WARN_CONSTANT_CONVERSION = YES;
				CLANG_WARN_DIRECT_OBJC_ISA_USAGE = YES_ERROR;
				CLANG_WARN_DOCUMENTATION_COMMENTS = YES;
				CLANG_WARN_EMPTY_BODY = YES;
				CLANG_WARN_ENUM_CONVERSION = YES;
				CLANG_WARN_INFINITE_RECURSION = YES;
				CLANG_WARN_INT_CONVERSION = YES;
				CLANG_WARN_OBJC_ROOT_CLASS = YES_ERROR;
				CLANG_WARN_SUSPICIOUS_MOVE = YES;
				CLANG_WARN_UNREACHABLE_CODE = YES;
				CLANG_WARN__DUPLICATE_METHOD_MATCH = YES;
				"CODE_SIGN_IDENTITY[sdk=iphoneos*]" = "iPhone Developer";
				COPY_PHASE_STRIP = NO;
				DEBUG_INFORMATION_FORMAT = "dwarf-with-dsym";
				ENABLE_NS_ASSERTIONS = NO;
				ENABLE_STRICT_OBJC_MSGSEND = YES;
				GCC_C_LANGUAGE_STANDARD = gnu99;
				GCC_NO_COMMON_BLOCKS = YES;
				GCC_WARN_64_TO_32_BIT_CONVERSION = YES;
				GCC_WARN_ABOUT_RETURN_TYPE = YES_ERROR;
				GCC_WARN_UNDECLARED_SELECTOR = YES;
				GCC_WARN_UNINITIALIZED_AUTOS = YES_AGGRESSIVE;
				GCC_WARN_UNUSED_FUNCTION = YES;
				GCC_WARN_UNUSED_VARIABLE = YES;
				IPHONEOS_DEPLOYMENT_TARGET = 10.3;
				MTL_ENABLE_DEBUG_INFO = NO;
				SDKROOT = iphoneos;
				SWIFT_OPTIMIZATION_LEVEL = "-Owholemodule";
				VALIDATE_PRODUCT = YES;
			};
			name = Release;
		};
		29B3A2911EEB292400B70FAA /* Debug */ = {
			isa = XCBuildConfiguration;
			baseConfigurationReference = 7A0C2308604FD35E7D984E8C /* Pods-Charitable.debug.xcconfig */;
			buildSettings = {
				ASSETCATALOG_COMPILER_APPICON_NAME = AppIcon;
				DEVELOPMENT_TEAM = K8YZSQZRNW;
				INFOPLIST_FILE = Charitable/Info.plist;
				LD_RUNPATH_SEARCH_PATHS = "$(inherited) @executable_path/Frameworks";
				PRODUCT_BUNDLE_IDENTIFIER = com.matthewhsingleton.Charitable;
				PRODUCT_NAME = "$(TARGET_NAME)";
				SWIFT_VERSION = 3.0;
			};
			name = Debug;
		};
		29B3A2921EEB292400B70FAA /* Release */ = {
			isa = XCBuildConfiguration;
			baseConfigurationReference = 4C53F4679DF5638E4828BD4C /* Pods-Charitable.release.xcconfig */;
			buildSettings = {
				ASSETCATALOG_COMPILER_APPICON_NAME = AppIcon;
				DEVELOPMENT_TEAM = K8YZSQZRNW;
				INFOPLIST_FILE = Charitable/Info.plist;
				LD_RUNPATH_SEARCH_PATHS = "$(inherited) @executable_path/Frameworks";
				PRODUCT_BUNDLE_IDENTIFIER = com.matthewhsingleton.Charitable;
				PRODUCT_NAME = "$(TARGET_NAME)";
				SWIFT_VERSION = 3.0;
			};
			name = Release;
		};
/* End XCBuildConfiguration section */

/* Begin XCConfigurationList section */
		29B3A2791EEB292400B70FAA /* Build configuration list for PBXProject "Charitable" */ = {
			isa = XCConfigurationList;
			buildConfigurations = (
				29B3A28E1EEB292400B70FAA /* Debug */,
				29B3A28F1EEB292400B70FAA /* Release */,
			);
			defaultConfigurationIsVisible = 0;
			defaultConfigurationName = Release;
		};
		29B3A2901EEB292400B70FAA /* Build configuration list for PBXNativeTarget "Charitable" */ = {
			isa = XCConfigurationList;
			buildConfigurations = (
				29B3A2911EEB292400B70FAA /* Debug */,
				29B3A2921EEB292400B70FAA /* Release */,
			);
			defaultConfigurationIsVisible = 0;
		};
/* End XCConfigurationList section */
	};
	rootObject = 29B3A2761EEB292400B70FAA /* Project object */;
}
